github.com/creasty/defaults v1.8.0 h1:z27FJxCAa0JKt3utc0sCImAEb+spPucmKoOdLHvHYKk=
github.com/creasty/defaults v1.8.0/go.mod h1:iGzKe6pbEHnpMPtfDXZEr0NVxWnPTjb1bbDy08fPzYM=
github.com/kr/pretty v0.1.0 h1:L/CwN0zerZDmRFUapSPitk6f+Q3+0za1rQkzVuMiMFI=
github.com/kr/pretty v0.1.0/go.mod h1:dAy3ld7l9f0ibDNOQOHHMYYIIbhfbHSm3C4ZsoJORNo=
github.com/kr/pty v1.1.1/go.mod h1:pFQYn66WHrOpPYNljwOMqo10TkYh1fy3cYio2l3bCsQ=
github.com/kr/text v0.1.0 h1:45sCR5RtlFHMR4UwH9sdQ5TC8v0qDQCHnXt+kaKSTVE=
github.com/kr/text v0.1.0/go.mod h1:4Jbv+DJW3UT/LiOwJeYQe1efqtUx/iVham/4vfdArNI=
github.com/kujtimiihoxha/go-balanced-match v0.0.0-20190729224446-46f5cf369ec1 h1:zak+jRx9QvRi8ET1NriH7fF/KsuuWNhhGo6aMmFjObo=
github.com/kujtimiihoxha/go-balanced-match v0.0.0-20190729224446-46f5cf369ec1/go.mod h1:6qLGV7TbHrs1jqx4/uN8kXvAq7NSAN+NhAzNn2nYKOM=
github.com/kujtimiihoxha/go-brace-expansion v0.0.0-20190729224542-0df038447e67 h1:k21TrpuqX1vw8NJ91vWZTrCPGmhoWoPfqRlt+Bq4R8c=
github.com/kujtimiihoxha/go-brace-expansion v0.0.0-20190729224542-0df038447e67/go.mod h1:4Ivfbb266APaw70JmaxWSvQW9X04SFs5ruEGD98bVt0=
github.com/phpdave11/gofpdi v1.0.14-0.20211212211723-1f10f9844311 h1:zyWXQ6vu27ETMpYsEMAsisQ+GqJ4e1TPvSNfdOPF0no=
github.com/phpdave11/gofpdi v1.0.14-0.20211212211723-1f10f9844311/go.mod h1:vBmVV0Do6hSBHC8uKUQ71JGW+ZGQq74llk/7bXwjDoI=
github.com/pkg/errors v0.8.1/go.mod h1:bwawxfHBFNV+L2hUp1rHADufV3IMtnDRdf1r5NINEl0=
github.com/pkg/errors v0.9.1 h1:FEBLx1zS214owpjy7qsBeixbURkuhQAwrK5UwLGTwt4=
github.com/pkg/errors v0.9.1/go.mod h1:bwawxfHBFNV+L2hUp1rHADufV3IMtnDRdf1r5NINEl0=
github.com/shurcooL/go v0.0.0-20200502201357-93f07166e636 h1:aSISeOcal5irEhJd1M+IrApc0PdcN7e7Aj4yuEnOrfQ=
github.com/shurcooL/go v0.0.0-20200502201357-93f07166e636/go.mod h1:TDJrrUr11Vxrven61rcy3hJMUqaf/CLWYhHNPmT14Lk=
github.com/shurcooL/go-goon v1.0.0 h1:BCQPvxGkHHJ4WpBO4m/9FXbITVIsvAm/T66cCcCGI7E=
github.com/shurcooL/go-goon v1.0.0/go.mod h1:2wTHMsGo7qnpmqA8ADYZtP4I1DD94JpXGQ3Dxq2YQ5w=
github.com/signintech/gopdf v0.29.2 h1:ksvYuHNwEBP8Mi/4q5MN1ZdW9OpMbWn3pEn3ewiWoSc=
github.com/signintech/gopdf v0.29.2/go.mod h1:d23eO35GpEliSrF22eJ4bsM3wVeQJTjXTHq5x5qGKjA=
github.com/skip2/go-qrcode v0.0.0-20200617195104-da1b6568686e h1:MRM5ITcdelLK2j1vwZ3Je0FKVCfqOLp5zO6trqMLYs0=
github.com/skip2/go-qrcode v0.0.0-20200617195104-da1b6568686e/go.mod h1:XV66xRDqSt+GTGFMVlhk3ULuV0y9ZmzeVGR4mloJI3M=
gopkg.in/check.v1 v0.0.0-20161208181325-20d25e280405/go.mod h1:Co6ibVJAznAaIkqp8huTwlJQCZ016jof/cbN4VW5Yz0=
gopkg.in/check.v1 v1.0.0-20180628173108-788fd7840127 h1:qIbj1fsPNlZgppZ+VLlY7N33q108Sa+fhmuc+sWQYwY=
gopkg.in/check.v1 v1.0.0-20180628173108-788fd7840127/go.mod h1:Co6ibVJAznAaIkqp8huTwlJQCZ016jof/cbN4VW5Yz0=
gopkg.in/yaml.v3 v3.0.1 h1:fxVm/GzAzEWqLHuvctI91KS9hhNmmWOoWu0XTYJS7CA=
gopkg.in/yaml.v3 v3.0.1/go.mod h1:K4uyk7z7BCEPqu6E+C64Yfv1cQ7kz7rIZviUmN+EgEM=
